# @generated by Move, please check-in and do not edit manually.

[move]
version = 0
manifest_digest = "68F0A0B2C558D7DB93D90F7B67858D19D94D69CFAC87D2AA046A5DF2EC0712D6"
deps_digest = "3C4103934B1E040BB6B23F1D610B4EF9F2F1166A50A104EADCF77467C004C600"

dependencies = [
  { name = "Sui" },
  { name = "pokemon" },
]

[[move.package]]
name = "MoveStdlib"
source = { git = "https://github.com/MystenLabs/sui.git", rev = "framework/testnet", subdir = "crates/sui-framework/packages/move-stdlib" }

[[move.package]]
name = "Sui"
source = { git = "https://github.com/MystenLabs/sui.git", rev = "framework/testnet", subdir = "crates/sui-framework/packages/sui-framework" }

dependencies = [
  { name = "MoveStdlib" },
]

[[move.package]]
name = "pokemon"
source = { local = "../pokemon" }

dependencies = [
  { name = "Sui" },
]

[move.toolchain-version]
compiler-version = "1.24.0"
edition = "2024.beta"
flavor = "sui"

[env]

[env.testnet]
chain-id = "4c78adac"
original-published-id = "0x794aad4b42d93bc0fe5af808424d2c9603da01318de55ed02e34ce69cfb305ec"
latest-published-id = "0x794aad4b42d93bc0fe5af808424d2c9603da01318de55ed02e34ce69cfb305ec"
published-version = "1"
